
Microsoft Visual Studio Solution File, Format Version 12.00
# Visual Studio 14
VisualStudioVersion = 14.0.22310.1
MinimumVisualStudioVersion = 10.0.40219.1
Project("{FAE04EC0-301F-11D3-BF4B-00C04F79EFBC}") = "SampleSSOClient2", "SampleSSOClient2\SampleSSOClient2.csproj", "{0895C74F-8E03-4F72-9530-2AA309BB7A1B}"
EndProject
Global
	GlobalSection(SolutionConfigurationPlatforms) = preSolution
		Debug|Any CPU = Debug|Any CPU
		Release|Any CPU = Release|Any CPU
	EndGlobalSection
	GlobalSection(ProjectConfigurationPlatforms) = postSolution
		{0895C74F-8E03-4F72-9530-2AA309BB7A1B}.Debug|Any CPU.ActiveCfg = Debug|Any CPU
		{0895C74F-8E03-4F72-9530-2AA309BB7A1B}.Debug|Any CPU.Build.0 = Debug|Any CPU
		{0895C74F-8E03-4F72-9530-2AA309BB7A1B}.Release|Any CPU.ActiveCfg = Release|Any CPU
		{0895C74F-8E03-4F72-9530-2AA309BB7A1B}.Release|Any CPU.Build.0 = Release|Any CPU
	EndGlobalSection
	GlobalSection(SolutionProperties) = preSolution
		HideSolutionNode = FALSE
	EndGlobalSection
EndGlobal
